{
  "name": "numberguesser",
  "version": "1.0.0",
  "lockfileVersion": 2,
  "requires": true,
  "packages": {
    "": {
      "name": "numberguesser",
      "version": "1.0.0",
      "license": "ISC",
      "dependencies": {
        "prompt-sync": "^4.2.0",
        "prompt-sync-history": "^1.0.1",
        "strip-ansi": "^7.0.0"
      }
    },
    "node_modules/ansi-regex": {
      "version": "6.0.0",
      "resolved": "https://registry.npmjs.org/ansi-regex/-/ansi-regex-6.0.0.tgz",
      "integrity": "sha512-tAaOSrWCHF+1Ear1Z4wnJCXA9GGox4K6Ic85a5qalES2aeEwQGr7UC93mwef49536PkCYjzkp0zIxfFvexJ6zQ==",
      "engines": {
        "node": ">=12"
      },
      "funding": {
        "url": "https://github.com/chalk/ansi-regex?sponsor=1"
      }
    },
    "node_modules/prompt-sync": {
      "version": "4.2.0",
      "resolved": "https://registry.npmjs.org/prompt-sync/-/prompt-sync-4.2.0.tgz",
      "integrity": "sha512-BuEzzc5zptP5LsgV5MZETjDaKSWfchl5U9Luiu8SKp7iZWD5tZalOxvNcZRwv+d2phNFr8xlbxmFNcRKfJOzJw==",
      "dependencies": {
        "strip-ansi": "^5.0.0"
      }
    },
    "node_modules/prompt-sync-history": {
      "version": "1.0.1",
      "resolved": "https://registry.npmjs.org/prompt-sync-history/-/prompt-sync-history-1.0.1.tgz",
      "integrity": "sha1-0C7fGMwDuJMoZxVsKSJ0uiwAUP0="
    },
    "node_modules/prompt-sync/node_modules/ansi-regex": {
      "version": "4.1.0",
      "resolved": "https://registry.npmjs.org/ansi-regex/-/ansi-regex-4.1.0.tgz",
      "integrity": "sha512-1apePfXM1UOSqw0o9IiFAovVz9M5S1Dg+4TrDwfMewQ6p/rmMueb7tWZjQ1rx4Loy1ArBggoqGpfqqdI4rondg==",
      "engines": {
        "node": ">=6"
      }
    },
    "node_modules/prompt-sync/node_modules/strip-ansi": {
      "version": "5.2.0",
      "resolved": "https://registry.npmjs.org/strip-ansi/-/strip-ansi-5.2.0.tgz",
      "integrity": "sha512-DuRs1gKbBqsMKIZlrffwlug8MHkcnpjs5VPmL1PAh+mA30U0DTotfDZ0d2UUsXpPmPmMMJ6W773MaA3J+lbiWA==",
      "dependencies": {
        "ansi-regex": "^4.1.0"
      },
      "engines": {
        "node": ">=6"
      }
    },
    "node_modules/strip-ansi": {
      "version": "7.0.0",
      "resolved": "https://registry.npmjs.org/strip-ansi/-/strip-ansi-7.0.0.tgz",
      "integrity": "sha512-UhDTSnGF1dc0DRbUqr1aXwNoY3RgVkSWG8BrpnuFIxhP57IqbS7IRta2Gfiavds4yCxc5+fEAVVOgBZWnYkvzg==",
      "dependencies": {
        "ansi-regex": "^6.0.0"
      },
      "engines": {
        "node": ">=12"
      },
      "funding": {
        "url": "https://github.com/chalk/strip-ansi?sponsor=1"
      }
    }
  },
  "dependencies": {
    "ansi-regex": {
      "version": "6.0.0",
      "resolved": "https://registry.npmjs.org/ansi-regex/-/ansi-regex-6.0.0.tgz",
      "integrity": "sha512-tAaOSrWCHF+1Ear1Z4wnJCXA9GGox4K6Ic85a5qalES2aeEwQGr7UC93mwef49536PkCYjzkp0zIxfFvexJ6zQ=="
    },
    "prompt-sync": {
      "version": "4.2.0",
      "resolved": "https://registry.npmjs.org/prompt-sync/-/prompt-sync-4.2.0.tgz",
      "integrity": "sha512-BuEzzc5zptP5LsgV5MZETjDaKSWfchl5U9Luiu8SKp7iZWD5tZalOxvNcZRwv+d2phNFr8xlbxmFNcRKfJOzJw==",
      "requires": {
        "strip-ansi": "^5.0.0"
      },
      "dependencies": {
        "ansi-regex": {
          "version": "4.1.0",
          "resolved": "https://registry.npmjs.org/ansi-regex/-/ansi-regex-4.1.0.tgz",
          "integrity": "sha512-1apePfXM1UOSqw0o9IiFAovVz9M5S1Dg+4TrDwfMewQ6p/rmMueb7tWZjQ1rx4Loy1ArBggoqGpfqqdI4rondg=="
        },
        "strip-ansi": {
          "version": "5.2.0",
          "resolved": "https://registry.npmjs.org/strip-ansi/-/strip-ansi-5.2.0.tgz",
          "integrity": "sha512-DuRs1gKbBqsMKIZlrffwlug8MHkcnpjs5VPmL1PAh+mA30U0DTotfDZ0d2UUsXpPmPmMMJ6W773MaA3J+lbiWA==",
          "requires": {
            "ansi-regex": "^4.1.0"
          }
        }
      }
    },
    "prompt-sync-history": {
      "version": "1.0.1",
      "resolved": "https://registry.npmjs.org/prompt-sync-history/-/prompt-sync-history-1.0.1.tgz",
      "integrity": "sha1-0C7fGMwDuJMoZxVsKSJ0uiwAUP0="
    },
    "strip-ansi": {
      "version": "7.0.0",
      "resolved": "https://registry.npmjs.org/strip-ansi/-/strip-ansi-7.0.0.tgz",
      "integrity": "sha512-UhDTSnGF1dc0DRbUqr1aXwNoY3RgVkSWG8BrpnuFIxhP57IqbS7IRta2Gfiavds4yCxc5+fEAVVOgBZWnYkvzg==",
      "requires": {
        "ansi-regex": "^6.0.0"
      }
    }
  }
}
